// !$*UTF8*$!
{
	archiveVersion = 1;
	classes = {
	};
	objectVersion = 46;
	objects = {

/* Begin PBXBuildFile section */
		BE147C701564BA8B00C8A199 /* sbChunk.cpp in Sources */ = {isa = PBXBuildFile; fileRef = BE147C6F1564BA8B00C8A199 /* sbChunk.cpp */; };
		BE147C731564BCBD00C8A199 /* sbChunkFile.cpp in Sources */ = {isa = PBXBuildFile; fileRef = BE147C721564BCBD00C8A199 /* sbChunkFile.cpp */; };
		BE3108CE158429BC003D607C /* TestChunk.cpp in Sources */ = {isa = PBXBuildFile; fileRef = BE3108C6158429BC003D607C /* TestChunk.cpp */; };
		BE3108CF158429BC003D607C /* TestChunkFile.cpp in Sources */ = {isa = PBXBuildFile; fileRef = BE3108C8158429BC003D607C /* TestChunkFile.cpp */; };
		BE3108D0158429BC003D607C /* TestFormatFile.cpp in Sources */ = {isa = PBXBuildFile; fileRef = BE3108CA158429BC003D607C /* TestFormatFile.cpp */; };
		BE3108D1158429BC003D607C /* TestFormatFile2.cpp in Sources */ = {isa = PBXBuildFile; fileRef = BE3108CC158429BC003D607C /* TestFormatFile2.cpp */; };
		BE3108D5158433C7003D607C /* TestConvertFlat.cpp in Sources */ = {isa = PBXBuildFile; fileRef = BE3108D4158433C7003D607C /* TestConvertFlat.cpp */; };
		BE3108D9158557F0003D607C /* TestConvertDeep.cpp in Sources */ = {isa = PBXBuildFile; fileRef = BE3108D8158557F0003D607C /* TestConvertDeep.cpp */; };
		BE3108DC1585A029003D607C /* sbAllocator.cpp in Sources */ = {isa = PBXBuildFile; fileRef = BE3108DB1585A029003D607C /* sbAllocator.cpp */; };
		BE3108DF15898594003D607C /* TestAliasedPointer.cpp in Sources */ = {isa = PBXBuildFile; fileRef = BE3108DE15898594003D607C /* TestAliasedPointer.cpp */; };
		BE3EF922157BC59900A7DFB3 /* UnitTestResult.cpp in Sources */ = {isa = PBXBuildFile; fileRef = BE3EF921157BC59900A7DFB3 /* UnitTestResult.cpp */; };
		BE57CC3C15605DEC00FFCB91 /* main.cpp in Sources */ = {isa = PBXBuildFile; fileRef = BE57CC3B15605DEC00FFCB91 /* main.cpp */; };
		BE57CC4815605F2300FFCB91 /* UnitTest.cpp in Sources */ = {isa = PBXBuildFile; fileRef = BE57CC4715605F2300FFCB91 /* UnitTest.cpp */; };
		BE57CC511560717400FFCB91 /* sbScalarValue.cpp in Sources */ = {isa = PBXBuildFile; fileRef = BE57CC501560717400FFCB91 /* sbScalarValue.cpp */; };
		BE57CC53156074B000FFCB91 /* sbHash.cpp in Sources */ = {isa = PBXBuildFile; fileRef = BE57CC52156074B000FFCB91 /* sbHash.cpp */; };
		BE57CC571560799D00FFCB91 /* sbScalarType.cpp in Sources */ = {isa = PBXBuildFile; fileRef = BE57CC561560799D00FFCB91 /* sbScalarType.cpp */; };
		BE610465157B1B750089A922 /* sbAggregateType.cpp in Sources */ = {isa = PBXBuildFile; fileRef = BE610464157B1B750089A922 /* sbAggregateType.cpp */; };
		BE610468157B38170089A922 /* sbSchema.cpp in Sources */ = {isa = PBXBuildFile; fileRef = BE610467157B38170089A922 /* sbSchema.cpp */; };
		BE71835115964F0400E79C54 /* sbType.cpp in Sources */ = {isa = PBXBuildFile; fileRef = BE71835015964F0300E79C54 /* sbType.cpp */; };
		BE718353159697F700E79C54 /* TestSchemaSerialize.cpp in Sources */ = {isa = PBXBuildFile; fileRef = BE718352159697F700E79C54 /* TestSchemaSerialize.cpp */; };
		BE718357159752E000E79C54 /* sbPointerType.cpp in Sources */ = {isa = PBXBuildFile; fileRef = BE718356159752DF00E79C54 /* sbPointerType.cpp */; };
		BE7183591597612600E79C54 /* sbPointerValue.cpp in Sources */ = {isa = PBXBuildFile; fileRef = BE7183581597612500E79C54 /* sbPointerValue.cpp */; };
		BE9275F7156F213E008F1288 /* sbByteReader.cpp in Sources */ = {isa = PBXBuildFile; fileRef = BE9275F6156F213E008F1288 /* sbByteReader.cpp */; };
		BE9275F9156F215A008F1288 /* sbByteWriter.cpp in Sources */ = {isa = PBXBuildFile; fileRef = BE9275F8156F215A008F1288 /* sbByteWriter.cpp */; };
		BE9B1CCA158D9EFF00453617 /* TestScalarTypes.cpp in Sources */ = {isa = PBXBuildFile; fileRef = BE9B1CC9158D9EFF00453617 /* TestScalarTypes.cpp */; };
		BE9B1CD1158E3CA400453617 /* sbInstanceMember.cpp in Sources */ = {isa = PBXBuildFile; fileRef = BE9B1CD0158E3CA400453617 /* sbInstanceMember.cpp */; };
		BE9B1CD4158E3FA600453617 /* sbPointerMember.cpp in Sources */ = {isa = PBXBuildFile; fileRef = BE9B1CD3158E3FA600453617 /* sbPointerMember.cpp */; };
		BE9B1CD7158E407B00453617 /* sbCountedPointerMember.cpp in Sources */ = {isa = PBXBuildFile; fileRef = BE9B1CD6158E407B00453617 /* sbCountedPointerMember.cpp */; };
		BE9B1CDA158E40A600453617 /* sbStringPointerMember.cpp in Sources */ = {isa = PBXBuildFile; fileRef = BE9B1CD9158E40A500453617 /* sbStringPointerMember.cpp */; };
		BE9B1CDC158E428300453617 /* sbMember.cpp in Sources */ = {isa = PBXBuildFile; fileRef = BE9B1CDB158E428300453617 /* sbMember.cpp */; };
		BE9B1CE3158E5A0900453617 /* TestConvertRecursion.cpp in Sources */ = {isa = PBXBuildFile; fileRef = BE9B1CE2158E5A0800453617 /* TestConvertRecursion.cpp */; };
/* End PBXBuildFile section */

/* Begin PBXCopyFilesBuildPhase section */
		BE57CC3515605DEC00FFCB91 /* CopyFiles */ = {
			isa = PBXCopyFilesBuildPhase;
			buildActionMask = 2147483647;
			dstPath = /usr/share/man/man1/;
			dstSubfolderSpec = 0;
			files = (
			);
			runOnlyForDeploymentPostprocessing = 1;
		};
/* End PBXCopyFilesBuildPhase section */

/* Begin PBXFileReference section */
		BE147C6E1564BA7C00C8A199 /* sbChunk.h */ = {isa = PBXFileReference; fileEncoding = 4; lastKnownFileType = sourcecode.c.h; lineEnding = 0; path = sbChunk.h; sourceTree = "<group>"; xcLanguageSpecificationIdentifier = xcode.lang.objcpp; };
		BE147C6F1564BA8B00C8A199 /* sbChunk.cpp */ = {isa = PBXFileReference; fileEncoding = 4; lastKnownFileType = sourcecode.cpp.cpp; lineEnding = 0; path = sbChunk.cpp; sourceTree = "<group>"; xcLanguageSpecificationIdentifier = xcode.lang.cpp; };
		BE147C711564BCAA00C8A199 /* sbChunkFile.h */ = {isa = PBXFileReference; fileEncoding = 4; lastKnownFileType = sourcecode.c.h; path = sbChunkFile.h; sourceTree = "<group>"; };
		BE147C721564BCBD00C8A199 /* sbChunkFile.cpp */ = {isa = PBXFileReference; fileEncoding = 4; lastKnownFileType = sourcecode.cpp.cpp; lineEnding = 0; path = sbChunkFile.cpp; sourceTree = "<group>"; xcLanguageSpecificationIdentifier = xcode.lang.cpp; };
		BE3108C6158429BC003D607C /* TestChunk.cpp */ = {isa = PBXFileReference; fileEncoding = 4; lastKnownFileType = sourcecode.cpp.cpp; lineEnding = 0; path = TestChunk.cpp; sourceTree = "<group>"; xcLanguageSpecificationIdentifier = xcode.lang.cpp; };
		BE3108C7158429BC003D607C /* TestChunk.h */ = {isa = PBXFileReference; fileEncoding = 4; lastKnownFileType = sourcecode.c.h; path = TestChunk.h; sourceTree = "<group>"; };
		BE3108C8158429BC003D607C /* TestChunkFile.cpp */ = {isa = PBXFileReference; fileEncoding = 4; lastKnownFileType = sourcecode.cpp.cpp; lineEnding = 0; path = TestChunkFile.cpp; sourceTree = "<group>"; xcLanguageSpecificationIdentifier = xcode.lang.cpp; };
		BE3108C9158429BC003D607C /* TestChunkFile.h */ = {isa = PBXFileReference; fileEncoding = 4; lastKnownFileType = sourcecode.c.h; path = TestChunkFile.h; sourceTree = "<group>"; };
		BE3108CA158429BC003D607C /* TestFormatFile.cpp */ = {isa = PBXFileReference; fileEncoding = 4; lastKnownFileType = sourcecode.cpp.cpp; path = TestFormatFile.cpp; sourceTree = "<group>"; };
		BE3108CB158429BC003D607C /* TestFormatFile.h */ = {isa = PBXFileReference; fileEncoding = 4; lastKnownFileType = sourcecode.c.h; path = TestFormatFile.h; sourceTree = "<group>"; };
		BE3108CC158429BC003D607C /* TestFormatFile2.cpp */ = {isa = PBXFileReference; fileEncoding = 4; lastKnownFileType = sourcecode.cpp.cpp; path = TestFormatFile2.cpp; sourceTree = "<group>"; };
		BE3108CD158429BC003D607C /* TestFormatFile2.h */ = {isa = PBXFileReference; fileEncoding = 4; lastKnownFileType = sourcecode.c.h; path = TestFormatFile2.h; sourceTree = "<group>"; };
		BE3108D3158433A7003D607C /* TestConvertFlat.h */ = {isa = PBXFileReference; fileEncoding = 4; lastKnownFileType = sourcecode.c.h; path = TestConvertFlat.h; sourceTree = "<group>"; };
		BE3108D4158433C7003D607C /* TestConvertFlat.cpp */ = {isa = PBXFileReference; fileEncoding = 4; lastKnownFileType = sourcecode.cpp.cpp; path = TestConvertFlat.cpp; sourceTree = "<group>"; };
		BE3108D615844978003D607C /* sbStatus.h */ = {isa = PBXFileReference; fileEncoding = 4; lastKnownFileType = sourcecode.c.h; path = sbStatus.h; sourceTree = "<group>"; };
		BE3108D7158557E4003D607C /* TestConvertDeep.h */ = {isa = PBXFileReference; fileEncoding = 4; lastKnownFileType = sourcecode.c.h; path = TestConvertDeep.h; sourceTree = "<group>"; };
		BE3108D8158557F0003D607C /* TestConvertDeep.cpp */ = {isa = PBXFileReference; fileEncoding = 4; lastKnownFileType = sourcecode.cpp.cpp; path = TestConvertDeep.cpp; sourceTree = "<group>"; };
		BE3108DA15859F59003D607C /* sbAllocator.h */ = {isa = PBXFileReference; fileEncoding = 4; lastKnownFileType = sourcecode.c.h; path = sbAllocator.h; sourceTree = "<group>"; };
		BE3108DB1585A029003D607C /* sbAllocator.cpp */ = {isa = PBXFileReference; fileEncoding = 4; lastKnownFileType = sourcecode.cpp.cpp; path = sbAllocator.cpp; sourceTree = "<group>"; };
		BE3108DD15898584003D607C /* TestAliasedPointer.h */ = {isa = PBXFileReference; fileEncoding = 4; lastKnownFileType = sourcecode.c.h; path = TestAliasedPointer.h; sourceTree = "<group>"; };
		BE3108DE15898594003D607C /* TestAliasedPointer.cpp */ = {isa = PBXFileReference; fileEncoding = 4; lastKnownFileType = sourcecode.cpp.cpp; path = TestAliasedPointer.cpp; sourceTree = "<group>"; };
		BE3EF920157BC4C700A7DFB3 /* UnitTestResult.h */ = {isa = PBXFileReference; fileEncoding = 4; lastKnownFileType = sourcecode.c.h; path = UnitTestResult.h; sourceTree = "<group>"; };
		BE3EF921157BC59900A7DFB3 /* UnitTestResult.cpp */ = {isa = PBXFileReference; fileEncoding = 4; lastKnownFileType = sourcecode.cpp.cpp; path = UnitTestResult.cpp; sourceTree = "<group>"; };
		BE57CC3715605DEC00FFCB91 /* StructuredBinary */ = {isa = PBXFileReference; explicitFileType = "compiled.mach-o.executable"; includeInIndex = 0; path = StructuredBinary; sourceTree = BUILT_PRODUCTS_DIR; };
		BE57CC3B15605DEC00FFCB91 /* main.cpp */ = {isa = PBXFileReference; lastKnownFileType = sourcecode.cpp.cpp; path = main.cpp; sourceTree = "<group>"; };
		BE57CC4415605E7900FFCB91 /* sbUtil.h */ = {isa = PBXFileReference; fileEncoding = 4; lastKnownFileType = sourcecode.c.h; path = sbUtil.h; sourceTree = "<group>"; };
		BE57CC4615605F1600FFCB91 /* UnitTest.h */ = {isa = PBXFileReference; fileEncoding = 4; lastKnownFileType = sourcecode.c.h; path = UnitTest.h; sourceTree = "<group>"; };
		BE57CC4715605F2300FFCB91 /* UnitTest.cpp */ = {isa = PBXFileReference; fileEncoding = 4; lastKnownFileType = sourcecode.cpp.cpp; path = UnitTest.cpp; sourceTree = "<group>"; };
		BE57CC4F1560713D00FFCB91 /* sbScalarValue.h */ = {isa = PBXFileReference; fileEncoding = 4; lastKnownFileType = sourcecode.c.h; path = sbScalarValue.h; sourceTree = "<group>"; };
		BE57CC501560717400FFCB91 /* sbScalarValue.cpp */ = {isa = PBXFileReference; fileEncoding = 4; lastKnownFileType = sourcecode.cpp.cpp; path = sbScalarValue.cpp; sourceTree = "<group>"; };
		BE57CC52156074B000FFCB91 /* sbHash.cpp */ = {isa = PBXFileReference; fileEncoding = 4; lastKnownFileType = sourcecode.cpp.cpp; path = sbHash.cpp; sourceTree = "<group>"; };
		BE57CC54156074BF00FFCB91 /* sbHash.h */ = {isa = PBXFileReference; fileEncoding = 4; lastKnownFileType = sourcecode.c.h; path = sbHash.h; sourceTree = "<group>"; };
		BE57CC551560799000FFCB91 /* sbScalarType.h */ = {isa = PBXFileReference; fileEncoding = 4; lastKnownFileType = sourcecode.c.h; path = sbScalarType.h; sourceTree = "<group>"; };
		BE57CC561560799D00FFCB91 /* sbScalarType.cpp */ = {isa = PBXFileReference; fileEncoding = 4; lastKnownFileType = sourcecode.cpp.cpp; path = sbScalarType.cpp; sourceTree = "<group>"; };
		BE610463157B14430089A922 /* sbAggregateType.h */ = {isa = PBXFileReference; fileEncoding = 4; lastKnownFileType = sourcecode.c.h; lineEnding = 0; path = sbAggregateType.h; sourceTree = "<group>"; xcLanguageSpecificationIdentifier = xcode.lang.objcpp; };
		BE610464157B1B750089A922 /* sbAggregateType.cpp */ = {isa = PBXFileReference; fileEncoding = 4; lastKnownFileType = sourcecode.cpp.cpp; lineEnding = 0; path = sbAggregateType.cpp; sourceTree = "<group>"; xcLanguageSpecificationIdentifier = xcode.lang.cpp; };
		BE610466157B38060089A922 /* sbSchema.h */ = {isa = PBXFileReference; fileEncoding = 4; lastKnownFileType = sourcecode.c.h; path = sbSchema.h; sourceTree = "<group>"; };
		BE610467157B38170089A922 /* sbSchema.cpp */ = {isa = PBXFileReference; fileEncoding = 4; lastKnownFileType = sourcecode.cpp.cpp; path = sbSchema.cpp; sourceTree = "<group>"; };
		BE71835015964F0300E79C54 /* sbType.cpp */ = {isa = PBXFileReference; fileEncoding = 4; lastKnownFileType = sourcecode.cpp.cpp; path = sbType.cpp; sourceTree = "<group>"; };
		BE718352159697F700E79C54 /* TestSchemaSerialize.cpp */ = {isa = PBXFileReference; fileEncoding = 4; lastKnownFileType = sourcecode.cpp.cpp; path = TestSchemaSerialize.cpp; sourceTree = "<group>"; };
		BE7183541596980300E79C54 /* TestSchemaSerialize.h */ = {isa = PBXFileReference; fileEncoding = 4; lastKnownFileType = sourcecode.c.h; path = TestSchemaSerialize.h; sourceTree = "<group>"; };
		BE718355159752D200E79C54 /* sbPointerType.h */ = {isa = PBXFileReference; fileEncoding = 4; lastKnownFileType = sourcecode.c.h; path = sbPointerType.h; sourceTree = "<group>"; };
		BE718356159752DF00E79C54 /* sbPointerType.cpp */ = {isa = PBXFileReference; fileEncoding = 4; lastKnownFileType = sourcecode.cpp.cpp; path = sbPointerType.cpp; sourceTree = "<group>"; };
		BE7183581597612500E79C54 /* sbPointerValue.cpp */ = {isa = PBXFileReference; fileEncoding = 4; lastKnownFileType = sourcecode.cpp.cpp; path = sbPointerValue.cpp; sourceTree = "<group>"; };
		BE71835A1597613200E79C54 /* sbPointerValue.h */ = {isa = PBXFileReference; fileEncoding = 4; lastKnownFileType = sourcecode.c.h; path = sbPointerValue.h; sourceTree = "<group>"; };
		BE7AE983158E6F310026DCEC /* sbDictionary.h */ = {isa = PBXFileReference; fileEncoding = 4; lastKnownFileType = sourcecode.c.h; path = sbDictionary.h; sourceTree = "<group>"; };
		BE9275F4156F2130008F1288 /* sbByteReader.h */ = {isa = PBXFileReference; fileEncoding = 4; lastKnownFileType = sourcecode.c.h; path = sbByteReader.h; sourceTree = "<group>"; };
		BE9275F6156F213E008F1288 /* sbByteReader.cpp */ = {isa = PBXFileReference; fileEncoding = 4; lastKnownFileType = sourcecode.cpp.cpp; path = sbByteReader.cpp; sourceTree = "<group>"; };
		BE9275F8156F215A008F1288 /* sbByteWriter.cpp */ = {isa = PBXFileReference; fileEncoding = 4; lastKnownFileType = sourcecode.cpp.cpp; path = sbByteWriter.cpp; sourceTree = "<group>"; };
		BE9275FA156F2164008F1288 /* sbByteWriter.h */ = {isa = PBXFileReference; fileEncoding = 4; lastKnownFileType = sourcecode.c.h; path = sbByteWriter.h; sourceTree = "<group>"; };
		BE9B1CC7158D9EF100453617 /* TestScalarTypes.h */ = {isa = PBXFileReference; fileEncoding = 4; lastKnownFileType = sourcecode.c.h; path = TestScalarTypes.h; sourceTree = "<group>"; };
		BE9B1CC9158D9EFF00453617 /* TestScalarTypes.cpp */ = {isa = PBXFileReference; fileEncoding = 4; lastKnownFileType = sourcecode.cpp.cpp; path = TestScalarTypes.cpp; sourceTree = "<group>"; };
		BE9B1CCB158E3A4600453617 /* sbType.h */ = {isa = PBXFileReference; fileEncoding = 4; lastKnownFileType = sourcecode.c.h; path = sbType.h; sourceTree = "<group>"; };
		BE9B1CCE158E3B0F00453617 /* sbMember.h */ = {isa = PBXFileReference; fileEncoding = 4; lastKnownFileType = sourcecode.c.h; path = sbMember.h; sourceTree = "<group>"; };
		BE9B1CCF158E3C2D00453617 /* sbInstanceMember.h */ = {isa = PBXFileReference; fileEncoding = 4; lastKnownFileType = sourcecode.c.h; path = sbInstanceMember.h; sourceTree = "<group>"; };
		BE9B1CD0158E3CA400453617 /* sbInstanceMember.cpp */ = {isa = PBXFileReference; fileEncoding = 4; lastKnownFileType = sourcecode.cpp.cpp; path = sbInstanceMember.cpp; sourceTree = "<group>"; };
		BE9B1CD2158E3F9800453617 /* sbPointerMember.h */ = {isa = PBXFileReference; fileEncoding = 4; lastKnownFileType = sourcecode.c.h; path = sbPointerMember.h; sourceTree = "<group>"; };
		BE9B1CD3158E3FA600453617 /* sbPointerMember.cpp */ = {isa = PBXFileReference; fileEncoding = 4; lastKnownFileType = sourcecode.cpp.cpp; path = sbPointerMember.cpp; sourceTree = "<group>"; };
		BE9B1CD5158E407100453617 /* sbCountedPointerMember.h */ = {isa = PBXFileReference; fileEncoding = 4; lastKnownFileType = sourcecode.c.h; path = sbCountedPointerMember.h; sourceTree = "<group>"; };
		BE9B1CD6158E407B00453617 /* sbCountedPointerMember.cpp */ = {isa = PBXFileReference; fileEncoding = 4; lastKnownFileType = sourcecode.cpp.cpp; path = sbCountedPointerMember.cpp; sourceTree = "<group>"; };
		BE9B1CD8158E409700453617 /* sbStringPointerMember.h */ = {isa = PBXFileReference; fileEncoding = 4; lastKnownFileType = sourcecode.c.h; path = sbStringPointerMember.h; sourceTree = "<group>"; };
		BE9B1CD9158E40A500453617 /* sbStringPointerMember.cpp */ = {isa = PBXFileReference; fileEncoding = 4; lastKnownFileType = sourcecode.cpp.cpp; path = sbStringPointerMember.cpp; sourceTree = "<group>"; };
		BE9B1CDB158E428300453617 /* sbMember.cpp */ = {isa = PBXFileReference; fileEncoding = 4; lastKnownFileType = sourcecode.cpp.cpp; path = sbMember.cpp; sourceTree = "<group>"; };
		BE9B1CDD158E4A3900453617 /* sbFloatScalarType.h */ = {isa = PBXFileReference; fileEncoding = 4; lastKnownFileType = sourcecode.c.h; path = sbFloatScalarType.h; sourceTree = "<group>"; };
		BE9B1CDE158E4A9100453617 /* sbIntScalarType.h */ = {isa = PBXFileReference; fileEncoding = 4; lastKnownFileType = sourcecode.c.h; path = sbIntScalarType.h; sourceTree = "<group>"; };
		BE9B1CE1158E59F700453617 /* TestConvertRecursion.h */ = {isa = PBXFileReference; fileEncoding = 4; lastKnownFileType = sourcecode.c.h; path = TestConvertRecursion.h; sourceTree = "<group>"; };
		BE9B1CE2158E5A0800453617 /* TestConvertRecursion.cpp */ = {isa = PBXFileReference; fileEncoding = 4; lastKnownFileType = sourcecode.cpp.cpp; path = TestConvertRecursion.cpp; sourceTree = "<group>"; };
/* End PBXFileReference section */

/* Begin PBXFrameworksBuildPhase section */
		BE57CC3415605DEC00FFCB91 /* Frameworks */ = {
			isa = PBXFrameworksBuildPhase;
			buildActionMask = 2147483647;
			files = (
			);
			runOnlyForDeploymentPostprocessing = 0;
		};
/* End PBXFrameworksBuildPhase section */

/* Begin PBXGroup section */
		BE147C6B15649E8C00C8A199 /* UnitTest */ = {
			isa = PBXGroup;
			children = (
				BE3108C7158429BC003D607C /* TestChunk.h */,
				BE3108C6158429BC003D607C /* TestChunk.cpp */,
				BE3108C9158429BC003D607C /* TestChunkFile.h */,
				BE3108C8158429BC003D607C /* TestChunkFile.cpp */,
				BE3108CB158429BC003D607C /* TestFormatFile.h */,
				BE3108CA158429BC003D607C /* TestFormatFile.cpp */,
				BE3108CD158429BC003D607C /* TestFormatFile2.h */,
				BE3108CC158429BC003D607C /* TestFormatFile2.cpp */,
				BE3108D3158433A7003D607C /* TestConvertFlat.h */,
				BE3108D4158433C7003D607C /* TestConvertFlat.cpp */,
				BE3108D7158557E4003D607C /* TestConvertDeep.h */,
				BE3108D8158557F0003D607C /* TestConvertDeep.cpp */,
				BE3108DD15898584003D607C /* TestAliasedPointer.h */,
				BE3108DE15898594003D607C /* TestAliasedPointer.cpp */,
				BE9B1CC7158D9EF100453617 /* TestScalarTypes.h */,
				BE9B1CC9158D9EFF00453617 /* TestScalarTypes.cpp */,
				BE9B1CE1158E59F700453617 /* TestConvertRecursion.h */,
				BE9B1CE2158E5A0800453617 /* TestConvertRecursion.cpp */,
				BE7183541596980300E79C54 /* TestSchemaSerialize.h */,
				BE718352159697F700E79C54 /* TestSchemaSerialize.cpp */,
			);
			name = UnitTest;
			sourceTree = "<group>";
		};
		BE57CC2C15605DEC00FFCB91 = {
			isa = PBXGroup;
			children = (
				BE57CC3A15605DEC00FFCB91 /* StructuredBinary */,
				BE57CC3815605DEC00FFCB91 /* Products */,
			);
			sourceTree = "<group>";
		};
		BE57CC3815605DEC00FFCB91 /* Products */ = {
			isa = PBXGroup;
			children = (
				BE57CC3715605DEC00FFCB91 /* StructuredBinary */,
			);
			name = Products;
			sourceTree = "<group>";
		};
		BE57CC3A15605DEC00FFCB91 /* StructuredBinary */ = {
			isa = PBXGroup;
			children = (
				BE57CC4615605F1600FFCB91 /* UnitTest.h */,
				BE57CC4715605F2300FFCB91 /* UnitTest.cpp */,
				BE3EF920157BC4C700A7DFB3 /* UnitTestResult.h */,
				BE3EF921157BC59900A7DFB3 /* UnitTestResult.cpp */,
				BE147C6B15649E8C00C8A199 /* UnitTest */,
				BE9275FB15710F3A008F1288 /* StructuredBinary */,
				BE57CC3B15605DEC00FFCB91 /* main.cpp */,
			);
			path = StructuredBinary;
			sourceTree = "<group>";
		};
		BE9275FB15710F3A008F1288 /* StructuredBinary */ = {
			isa = PBXGroup;
			children = (
				BE57CC4415605E7900FFCB91 /* sbUtil.h */,
				BE3108D615844978003D607C /* sbStatus.h */,
				BE57CC54156074BF00FFCB91 /* sbHash.h */,
				BE57CC52156074B000FFCB91 /* sbHash.cpp */,
				BE7AE983158E6F310026DCEC /* sbDictionary.h */,
				BE147C6E1564BA7C00C8A199 /* sbChunk.h */,
				BE147C6F1564BA8B00C8A199 /* sbChunk.cpp */,
				BE147C711564BCAA00C8A199 /* sbChunkFile.h */,
				BE147C721564BCBD00C8A199 /* sbChunkFile.cpp */,
				BE9275F4156F2130008F1288 /* sbByteReader.h */,
				BE9275F6156F213E008F1288 /* sbByteReader.cpp */,
				BE9275FA156F2164008F1288 /* sbByteWriter.h */,
				BE9275F8156F215A008F1288 /* sbByteWriter.cpp */,
				BE57CC4F1560713D00FFCB91 /* sbScalarValue.h */,
				BE57CC501560717400FFCB91 /* sbScalarValue.cpp */,
				BE71835A1597613200E79C54 /* sbPointerValue.h */,
				BE7183581597612500E79C54 /* sbPointerValue.cpp */,
				BE9B1CCB158E3A4600453617 /* sbType.h */,
				BE71835015964F0300E79C54 /* sbType.cpp */,
				BE718355159752D200E79C54 /* sbPointerType.h */,
				BE718356159752DF00E79C54 /* sbPointerType.cpp */,
				BE57CC551560799000FFCB91 /* sbScalarType.h */,
				BE57CC561560799D00FFCB91 /* sbScalarType.cpp */,
				BE9B1CDD158E4A3900453617 /* sbFloatScalarType.h */,
				BE9B1CDE158E4A9100453617 /* sbIntScalarType.h */,
				BE610463157B14430089A922 /* sbAggregateType.h */,
				BE610464157B1B750089A922 /* sbAggregateType.cpp */,
				BE9B1CCE158E3B0F00453617 /* sbMember.h */,
				BE9B1CDB158E428300453617 /* sbMember.cpp */,
				BE9B1CD2158E3F9800453617 /* sbPointerMember.h */,
				BE9B1CD3158E3FA600453617 /* sbPointerMember.cpp */,
				BE9B1CD5158E407100453617 /* sbCountedPointerMember.h */,
				BE9B1CD6158E407B00453617 /* sbCountedPointerMember.cpp */,
				BE9B1CD8158E409700453617 /* sbStringPointerMember.h */,
				BE9B1CD9158E40A500453617 /* sbStringPointerMember.cpp */,
				BE9B1CCF158E3C2D00453617 /* sbInstanceMember.h */,
				BE9B1CD0158E3CA400453617 /* sbInstanceMember.cpp */,
				BE610466157B38060089A922 /* sbSchema.h */,
				BE610467157B38170089A922 /* sbSchema.cpp */,
				BE3108DA15859F59003D607C /* sbAllocator.h */,
				BE3108DB1585A029003D607C /* sbAllocator.cpp */,
			);
			name = StructuredBinary;
			sourceTree = "<group>";
		};
/* End PBXGroup section */

/* Begin PBXNativeTarget section */
		BE57CC3615605DEC00FFCB91 /* StructuredBinary */ = {
			isa = PBXNativeTarget;
			buildConfigurationList = BE57CC4115605DEC00FFCB91 /* Build configuration list for PBXNativeTarget "StructuredBinary" */;
			buildPhases = (
				BE57CC3315605DEC00FFCB91 /* Sources */,
				BE57CC3415605DEC00FFCB91 /* Frameworks */,
				BE57CC3515605DEC00FFCB91 /* CopyFiles */,
			);
			buildRules = (
			);
			dependencies = (
			);
			name = StructuredBinary;
			productName = StructuredBinary;
			productReference = BE57CC3715605DEC00FFCB91 /* StructuredBinary */;
			productType = "com.apple.product-type.tool";
		};
/* End PBXNativeTarget section */

/* Begin PBXProject section */
		BE57CC2E15605DEC00FFCB91 /* Project object */ = {
			isa = PBXProject;
			attributes = {
				ORGANIZATIONNAME = "It Should Just Work!™";
			};
			buildConfigurationList = BE57CC3115605DEC00FFCB91 /* Build configuration list for PBXProject "StructuredBinary" */;
			compatibilityVersion = "Xcode 3.2";
			developmentRegion = English;
			hasScannedForEncodings = 0;
			knownRegions = (
				en,
			);
			mainGroup = BE57CC2C15605DEC00FFCB91;
			productRefGroup = BE57CC3815605DEC00FFCB91 /* Products */;
			projectDirPath = "";
			projectRoot = "";
			targets = (
				BE57CC3615605DEC00FFCB91 /* StructuredBinary */,
			);
		};
/* End PBXProject section */

/* Begin PBXSourcesBuildPhase section */
		BE57CC3315605DEC00FFCB91 /* Sources */ = {
			isa = PBXSourcesBuildPhase;
			buildActionMask = 2147483647;
			files = (
				BE57CC3C15605DEC00FFCB91 /* main.cpp in Sources */,
				BE57CC4815605F2300FFCB91 /* UnitTest.cpp in Sources */,
				BE57CC511560717400FFCB91 /* sbScalarValue.cpp in Sources */,
				BE57CC53156074B000FFCB91 /* sbHash.cpp in Sources */,
				BE57CC571560799D00FFCB91 /* sbScalarType.cpp in Sources */,
				BE147C701564BA8B00C8A199 /* sbChunk.cpp in Sources */,
				BE147C731564BCBD00C8A199 /* sbChunkFile.cpp in Sources */,
				BE9275F7156F213E008F1288 /* sbByteReader.cpp in Sources */,
				BE9275F9156F215A008F1288 /* sbByteWriter.cpp in Sources */,
				BE610465157B1B750089A922 /* sbAggregateType.cpp in Sources */,
				BE610468157B38170089A922 /* sbSchema.cpp in Sources */,
				BE3EF922157BC59900A7DFB3 /* UnitTestResult.cpp in Sources */,
				BE3108CE158429BC003D607C /* TestChunk.cpp in Sources */,
				BE3108CF158429BC003D607C /* TestChunkFile.cpp in Sources */,
				BE3108D0158429BC003D607C /* TestFormatFile.cpp in Sources */,
				BE3108D1158429BC003D607C /* TestFormatFile2.cpp in Sources */,
				BE3108D5158433C7003D607C /* TestConvertFlat.cpp in Sources */,
				BE3108D9158557F0003D607C /* TestConvertDeep.cpp in Sources */,
				BE3108DC1585A029003D607C /* sbAllocator.cpp in Sources */,
				BE3108DF15898594003D607C /* TestAliasedPointer.cpp in Sources */,
				BE9B1CCA158D9EFF00453617 /* TestScalarTypes.cpp in Sources */,
				BE9B1CD1158E3CA400453617 /* sbInstanceMember.cpp in Sources */,
				BE9B1CD4158E3FA600453617 /* sbPointerMember.cpp in Sources */,
				BE9B1CD7158E407B00453617 /* sbCountedPointerMember.cpp in Sources */,
				BE9B1CDA158E40A600453617 /* sbStringPointerMember.cpp in Sources */,
				BE9B1CDC158E428300453617 /* sbMember.cpp in Sources */,
				BE9B1CE3158E5A0900453617 /* TestConvertRecursion.cpp in Sources */,
				BE71835115964F0400E79C54 /* sbType.cpp in Sources */,
				BE718353159697F700E79C54 /* TestSchemaSerialize.cpp in Sources */,
				BE718357159752E000E79C54 /* sbPointerType.cpp in Sources */,
				BE7183591597612600E79C54 /* sbPointerValue.cpp in Sources */,
			);
			runOnlyForDeploymentPostprocessing = 0;
		};
/* End PBXSourcesBuildPhase section */

/* Begin XCBuildConfiguration section */
		BE57CC3F15605DEC00FFCB91 /* Debug */ = {
			isa = XCBuildConfiguration;
			buildSettings = {
				ALWAYS_SEARCH_USER_PATHS = NO;
				ARCHS = "$(ARCHS_STANDARD_64_BIT)";
				COPY_PHASE_STRIP = NO;
				GCC_C_LANGUAGE_STANDARD = gnu99;
				GCC_DYNAMIC_NO_PIC = NO;
				GCC_ENABLE_OBJC_EXCEPTIONS = YES;
				GCC_OPTIMIZATION_LEVEL = 0;
				GCC_PREPROCESSOR_DEFINITIONS = (
					"DEBUG=1",
					"$(inherited)",
				);
				GCC_SYMBOLS_PRIVATE_EXTERN = NO;
				GCC_VERSION = com.apple.compilers.llvm.clang.1_0;
				GCC_WARN_64_TO_32_BIT_CONVERSION = YES;
				GCC_WARN_ABOUT_MISSING_PROTOTYPES = YES;
				GCC_WARN_ABOUT_RETURN_TYPE = YES;
				GCC_WARN_UNUSED_VARIABLE = YES;
				MACOSX_DEPLOYMENT_TARGET = 10.7;
				ONLY_ACTIVE_ARCH = YES;
				SDKROOT = macosx;
			};
			name = Debug;
		};
		BE57CC4015605DEC00FFCB91 /* Release */ = {
			isa = XCBuildConfiguration;
			buildSettings = {
				ALWAYS_SEARCH_USER_PATHS = NO;
				ARCHS = "$(ARCHS_STANDARD_64_BIT)";
				COPY_PHASE_STRIP = YES;
				DEBUG_INFORMATION_FORMAT = "dwarf-with-dsym";
				GCC_C_LANGUAGE_STANDARD = gnu99;
				GCC_ENABLE_OBJC_EXCEPTIONS = YES;
				GCC_VERSION = com.apple.compilers.llvm.clang.1_0;
				GCC_WARN_64_TO_32_BIT_CONVERSION = YES;
				GCC_WARN_ABOUT_MISSING_PROTOTYPES = YES;
				GCC_WARN_ABOUT_RETURN_TYPE = YES;
				GCC_WARN_UNUSED_VARIABLE = YES;
				MACOSX_DEPLOYMENT_TARGET = 10.7;
				SDKROOT = macosx;
			};
			name = Release;
		};
		BE57CC4215605DEC00FFCB91 /* Debug */ = {
			isa = XCBuildConfiguration;
			buildSettings = {
				PRODUCT_NAME = "$(TARGET_NAME)";
			};
			name = Debug;
		};
		BE57CC4315605DEC00FFCB91 /* Release */ = {
			isa = XCBuildConfiguration;
			buildSettings = {
				PRODUCT_NAME = "$(TARGET_NAME)";
			};
			name = Release;
		};
/* End XCBuildConfiguration section */

/* Begin XCConfigurationList section */
		BE57CC3115605DEC00FFCB91 /* Build configuration list for PBXProject "StructuredBinary" */ = {
			isa = XCConfigurationList;
			buildConfigurations = (
				BE57CC3F15605DEC00FFCB91 /* Debug */,
				BE57CC4015605DEC00FFCB91 /* Release */,
			);
			defaultConfigurationIsVisible = 0;
			defaultConfigurationName = Release;
		};
		BE57CC4115605DEC00FFCB91 /* Build configuration list for PBXNativeTarget "StructuredBinary" */ = {
			isa = XCConfigurationList;
			buildConfigurations = (
				BE57CC4215605DEC00FFCB91 /* Debug */,
				BE57CC4315605DEC00FFCB91 /* Release */,
			);
			defaultConfigurationIsVisible = 0;
			defaultConfigurationName = Release;
		};
/* End XCConfigurationList section */
	};
	rootObject = BE57CC2E15605DEC00FFCB91 /* Project object */;
}
