// !$*UTF8*$!
{
	archiveVersion = 1;
	classes = {
	};
	objectVersion = 46;
	objects = {

/* Begin PBXBuildFile section */
		BE147C5C156299CD00C8A199 /* TestSubStructConvert.cpp in Sources */ = {isa = PBXBuildFile; fileRef = BE147C5B156299CD00C8A199 /* TestSubStructConvert.cpp */; };
		BE57CC3C15605DEC00FFCB91 /* main.cpp in Sources */ = {isa = PBXBuildFile; fileRef = BE57CC3B15605DEC00FFCB91 /* main.cpp */; };
		BE57CC4815605F2300FFCB91 /* Test.cpp in Sources */ = {isa = PBXBuildFile; fileRef = BE57CC4715605F2300FFCB91 /* Test.cpp */; };
		BE57CC4B15605FCA00FFCB91 /* TestAlwaysSucceed.cpp in Sources */ = {isa = PBXBuildFile; fileRef = BE57CC4A15605FCA00FFCB91 /* TestAlwaysSucceed.cpp */; };
		BE57CC4D156061DC00FFCB91 /* TestScalarRead.cpp in Sources */ = {isa = PBXBuildFile; fileRef = BE57CC4C156061DC00FFCB91 /* TestScalarRead.cpp */; };
		BE57CC511560717400FFCB91 /* Number.cpp in Sources */ = {isa = PBXBuildFile; fileRef = BE57CC501560717400FFCB91 /* Number.cpp */; };
		BE57CC53156074B000FFCB91 /* Fnv.cpp in Sources */ = {isa = PBXBuildFile; fileRef = BE57CC52156074B000FFCB91 /* Fnv.cpp */; };
		BE57CC571560799D00FFCB91 /* Field.cpp in Sources */ = {isa = PBXBuildFile; fileRef = BE57CC561560799D00FFCB91 /* Field.cpp */; };
		BE57CC5915607B3500FFCB91 /* Aggregate.cpp in Sources */ = {isa = PBXBuildFile; fileRef = BE57CC5815607B3500FFCB91 /* Aggregate.cpp */; };
		BE57CC5D1560AF6000FFCB91 /* TestNumberConvert.cpp in Sources */ = {isa = PBXBuildFile; fileRef = BE57CC5C1560AF6000FFCB91 /* TestNumberConvert.cpp */; };
		BE57CC5F1560B79400FFCB91 /* TestScalarConvert.cpp in Sources */ = {isa = PBXBuildFile; fileRef = BE57CC5E1560B79400FFCB91 /* TestScalarConvert.cpp */; };
/* End PBXBuildFile section */

/* Begin PBXCopyFilesBuildPhase section */
		BE57CC3515605DEC00FFCB91 /* CopyFiles */ = {
			isa = PBXCopyFilesBuildPhase;
			buildActionMask = 2147483647;
			dstPath = /usr/share/man/man1/;
			dstSubfolderSpec = 0;
			files = (
			);
			runOnlyForDeploymentPostprocessing = 1;
		};
/* End PBXCopyFilesBuildPhase section */

/* Begin PBXFileReference section */
		BE147C5A156299B100C8A199 /* TestSubStructConvert.h */ = {isa = PBXFileReference; fileEncoding = 4; lastKnownFileType = sourcecode.c.h; path = TestSubStructConvert.h; sourceTree = "<group>"; };
		BE147C5B156299CD00C8A199 /* TestSubStructConvert.cpp */ = {isa = PBXFileReference; fileEncoding = 4; lastKnownFileType = sourcecode.cpp.cpp; path = TestSubStructConvert.cpp; sourceTree = "<group>"; };
		BE57CC3715605DEC00FFCB91 /* StructuredBinary */ = {isa = PBXFileReference; explicitFileType = "compiled.mach-o.executable"; includeInIndex = 0; path = StructuredBinary; sourceTree = BUILT_PRODUCTS_DIR; };
		BE57CC3B15605DEC00FFCB91 /* main.cpp */ = {isa = PBXFileReference; lastKnownFileType = sourcecode.cpp.cpp; path = main.cpp; sourceTree = "<group>"; };
		BE57CC4415605E7900FFCB91 /* Util.h */ = {isa = PBXFileReference; fileEncoding = 4; lastKnownFileType = sourcecode.c.h; path = Util.h; sourceTree = "<group>"; };
		BE57CC4615605F1600FFCB91 /* Test.h */ = {isa = PBXFileReference; fileEncoding = 4; lastKnownFileType = sourcecode.c.h; path = Test.h; sourceTree = "<group>"; };
		BE57CC4715605F2300FFCB91 /* Test.cpp */ = {isa = PBXFileReference; fileEncoding = 4; lastKnownFileType = sourcecode.cpp.cpp; path = Test.cpp; sourceTree = "<group>"; };
		BE57CC4915605FBD00FFCB91 /* TestAlwaysSucceed.h */ = {isa = PBXFileReference; fileEncoding = 4; lastKnownFileType = sourcecode.c.h; path = TestAlwaysSucceed.h; sourceTree = "<group>"; };
		BE57CC4A15605FCA00FFCB91 /* TestAlwaysSucceed.cpp */ = {isa = PBXFileReference; fileEncoding = 4; lastKnownFileType = sourcecode.cpp.cpp; path = TestAlwaysSucceed.cpp; sourceTree = "<group>"; };
		BE57CC4C156061DC00FFCB91 /* TestScalarRead.cpp */ = {isa = PBXFileReference; fileEncoding = 4; lastKnownFileType = sourcecode.cpp.cpp; path = TestScalarRead.cpp; sourceTree = "<group>"; };
		BE57CC4E156061E900FFCB91 /* TestScalarRead.h */ = {isa = PBXFileReference; fileEncoding = 4; lastKnownFileType = sourcecode.c.h; path = TestScalarRead.h; sourceTree = "<group>"; };
		BE57CC4F1560713D00FFCB91 /* Number.h */ = {isa = PBXFileReference; fileEncoding = 4; lastKnownFileType = sourcecode.c.h; path = Number.h; sourceTree = "<group>"; };
		BE57CC501560717400FFCB91 /* Number.cpp */ = {isa = PBXFileReference; fileEncoding = 4; lastKnownFileType = sourcecode.cpp.cpp; path = Number.cpp; sourceTree = "<group>"; };
		BE57CC52156074B000FFCB91 /* Fnv.cpp */ = {isa = PBXFileReference; fileEncoding = 4; lastKnownFileType = sourcecode.cpp.cpp; path = Fnv.cpp; sourceTree = "<group>"; };
		BE57CC54156074BF00FFCB91 /* Fnv.h */ = {isa = PBXFileReference; fileEncoding = 4; lastKnownFileType = sourcecode.c.h; path = Fnv.h; sourceTree = "<group>"; };
		BE57CC551560799000FFCB91 /* Field.h */ = {isa = PBXFileReference; fileEncoding = 4; lastKnownFileType = sourcecode.c.h; path = Field.h; sourceTree = "<group>"; };
		BE57CC561560799D00FFCB91 /* Field.cpp */ = {isa = PBXFileReference; fileEncoding = 4; lastKnownFileType = sourcecode.cpp.cpp; path = Field.cpp; sourceTree = "<group>"; };
		BE57CC5815607B3500FFCB91 /* Aggregate.cpp */ = {isa = PBXFileReference; fileEncoding = 4; lastKnownFileType = sourcecode.cpp.cpp; path = Aggregate.cpp; sourceTree = "<group>"; };
		BE57CC5A15607B4200FFCB91 /* Aggregate.h */ = {isa = PBXFileReference; fileEncoding = 4; lastKnownFileType = sourcecode.c.h; path = Aggregate.h; sourceTree = "<group>"; };
		BE57CC5B1560AF5500FFCB91 /* TestNumberConvert.h */ = {isa = PBXFileReference; fileEncoding = 4; lastKnownFileType = sourcecode.c.h; path = TestNumberConvert.h; sourceTree = "<group>"; };
		BE57CC5C1560AF6000FFCB91 /* TestNumberConvert.cpp */ = {isa = PBXFileReference; fileEncoding = 4; lastKnownFileType = sourcecode.cpp.cpp; path = TestNumberConvert.cpp; sourceTree = "<group>"; };
		BE57CC5E1560B79400FFCB91 /* TestScalarConvert.cpp */ = {isa = PBXFileReference; fileEncoding = 4; lastKnownFileType = sourcecode.cpp.cpp; path = TestScalarConvert.cpp; sourceTree = "<group>"; };
		BE57CC601560B7A000FFCB91 /* TestScalarConvert.h */ = {isa = PBXFileReference; fileEncoding = 4; lastKnownFileType = sourcecode.c.h; path = TestScalarConvert.h; sourceTree = "<group>"; };
/* End PBXFileReference section */

/* Begin PBXFrameworksBuildPhase section */
		BE57CC3415605DEC00FFCB91 /* Frameworks */ = {
			isa = PBXFrameworksBuildPhase;
			buildActionMask = 2147483647;
			files = (
			);
			runOnlyForDeploymentPostprocessing = 0;
		};
/* End PBXFrameworksBuildPhase section */

/* Begin PBXGroup section */
		BE57CC2C15605DEC00FFCB91 = {
			isa = PBXGroup;
			children = (
				BE57CC3A15605DEC00FFCB91 /* StructuredBinary */,
				BE57CC3815605DEC00FFCB91 /* Products */,
			);
			sourceTree = "<group>";
		};
		BE57CC3815605DEC00FFCB91 /* Products */ = {
			isa = PBXGroup;
			children = (
				BE57CC3715605DEC00FFCB91 /* StructuredBinary */,
			);
			name = Products;
			sourceTree = "<group>";
		};
		BE57CC3A15605DEC00FFCB91 /* StructuredBinary */ = {
			isa = PBXGroup;
			children = (
				BE57CC4415605E7900FFCB91 /* Util.h */,
				BE57CC54156074BF00FFCB91 /* Fnv.h */,
				BE57CC52156074B000FFCB91 /* Fnv.cpp */,
				BE57CC4615605F1600FFCB91 /* Test.h */,
				BE57CC4715605F2300FFCB91 /* Test.cpp */,
				BE57CC4915605FBD00FFCB91 /* TestAlwaysSucceed.h */,
				BE57CC4A15605FCA00FFCB91 /* TestAlwaysSucceed.cpp */,
				BE57CC4E156061E900FFCB91 /* TestScalarRead.h */,
				BE57CC4C156061DC00FFCB91 /* TestScalarRead.cpp */,
				BE57CC5B1560AF5500FFCB91 /* TestNumberConvert.h */,
				BE57CC5C1560AF6000FFCB91 /* TestNumberConvert.cpp */,
				BE57CC601560B7A000FFCB91 /* TestScalarConvert.h */,
				BE57CC5E1560B79400FFCB91 /* TestScalarConvert.cpp */,
				BE147C5A156299B100C8A199 /* TestSubStructConvert.h */,
				BE147C5B156299CD00C8A199 /* TestSubStructConvert.cpp */,
				BE57CC4F1560713D00FFCB91 /* Number.h */,
				BE57CC501560717400FFCB91 /* Number.cpp */,
				BE57CC551560799000FFCB91 /* Field.h */,
				BE57CC561560799D00FFCB91 /* Field.cpp */,
				BE57CC5A15607B4200FFCB91 /* Aggregate.h */,
				BE57CC5815607B3500FFCB91 /* Aggregate.cpp */,
				BE57CC3B15605DEC00FFCB91 /* main.cpp */,
			);
			path = StructuredBinary;
			sourceTree = "<group>";
		};
/* End PBXGroup section */

/* Begin PBXNativeTarget section */
		BE57CC3615605DEC00FFCB91 /* StructuredBinary */ = {
			isa = PBXNativeTarget;
			buildConfigurationList = BE57CC4115605DEC00FFCB91 /* Build configuration list for PBXNativeTarget "StructuredBinary" */;
			buildPhases = (
				BE57CC3315605DEC00FFCB91 /* Sources */,
				BE57CC3415605DEC00FFCB91 /* Frameworks */,
				BE57CC3515605DEC00FFCB91 /* CopyFiles */,
			);
			buildRules = (
			);
			dependencies = (
			);
			name = StructuredBinary;
			productName = StructuredBinary;
			productReference = BE57CC3715605DEC00FFCB91 /* StructuredBinary */;
			productType = "com.apple.product-type.tool";
		};
/* End PBXNativeTarget section */

/* Begin PBXProject section */
		BE57CC2E15605DEC00FFCB91 /* Project object */ = {
			isa = PBXProject;
			attributes = {
				ORGANIZATIONNAME = "It Should Just Work!™";
			};
			buildConfigurationList = BE57CC3115605DEC00FFCB91 /* Build configuration list for PBXProject "StructuredBinary" */;
			compatibilityVersion = "Xcode 3.2";
			developmentRegion = English;
			hasScannedForEncodings = 0;
			knownRegions = (
				en,
			);
			mainGroup = BE57CC2C15605DEC00FFCB91;
			productRefGroup = BE57CC3815605DEC00FFCB91 /* Products */;
			projectDirPath = "";
			projectRoot = "";
			targets = (
				BE57CC3615605DEC00FFCB91 /* StructuredBinary */,
			);
		};
/* End PBXProject section */

/* Begin PBXSourcesBuildPhase section */
		BE57CC3315605DEC00FFCB91 /* Sources */ = {
			isa = PBXSourcesBuildPhase;
			buildActionMask = 2147483647;
			files = (
				BE57CC3C15605DEC00FFCB91 /* main.cpp in Sources */,
				BE57CC4815605F2300FFCB91 /* Test.cpp in Sources */,
				BE57CC4B15605FCA00FFCB91 /* TestAlwaysSucceed.cpp in Sources */,
				BE57CC4D156061DC00FFCB91 /* TestScalarRead.cpp in Sources */,
				BE57CC511560717400FFCB91 /* Number.cpp in Sources */,
				BE57CC53156074B000FFCB91 /* Fnv.cpp in Sources */,
				BE57CC571560799D00FFCB91 /* Field.cpp in Sources */,
				BE57CC5915607B3500FFCB91 /* Aggregate.cpp in Sources */,
				BE57CC5D1560AF6000FFCB91 /* TestNumberConvert.cpp in Sources */,
				BE57CC5F1560B79400FFCB91 /* TestScalarConvert.cpp in Sources */,
				BE147C5C156299CD00C8A199 /* TestSubStructConvert.cpp in Sources */,
			);
			runOnlyForDeploymentPostprocessing = 0;
		};
/* End PBXSourcesBuildPhase section */

/* Begin XCBuildConfiguration section */
		BE57CC3F15605DEC00FFCB91 /* Debug */ = {
			isa = XCBuildConfiguration;
			buildSettings = {
				ALWAYS_SEARCH_USER_PATHS = NO;
				ARCHS = "$(ARCHS_STANDARD_64_BIT)";
				COPY_PHASE_STRIP = NO;
				GCC_C_LANGUAGE_STANDARD = gnu99;
				GCC_DYNAMIC_NO_PIC = NO;
				GCC_ENABLE_OBJC_EXCEPTIONS = YES;
				GCC_OPTIMIZATION_LEVEL = 0;
				GCC_PREPROCESSOR_DEFINITIONS = (
					"DEBUG=1",
					"$(inherited)",
				);
				GCC_SYMBOLS_PRIVATE_EXTERN = NO;
				GCC_VERSION = com.apple.compilers.llvm.clang.1_0;
				GCC_WARN_64_TO_32_BIT_CONVERSION = YES;
				GCC_WARN_ABOUT_MISSING_PROTOTYPES = YES;
				GCC_WARN_ABOUT_RETURN_TYPE = YES;
				GCC_WARN_UNUSED_VARIABLE = YES;
				MACOSX_DEPLOYMENT_TARGET = 10.7;
				ONLY_ACTIVE_ARCH = YES;
				SDKROOT = macosx;
			};
			name = Debug;
		};
		BE57CC4015605DEC00FFCB91 /* Release */ = {
			isa = XCBuildConfiguration;
			buildSettings = {
				ALWAYS_SEARCH_USER_PATHS = NO;
				ARCHS = "$(ARCHS_STANDARD_64_BIT)";
				COPY_PHASE_STRIP = YES;
				DEBUG_INFORMATION_FORMAT = "dwarf-with-dsym";
				GCC_C_LANGUAGE_STANDARD = gnu99;
				GCC_ENABLE_OBJC_EXCEPTIONS = YES;
				GCC_VERSION = com.apple.compilers.llvm.clang.1_0;
				GCC_WARN_64_TO_32_BIT_CONVERSION = YES;
				GCC_WARN_ABOUT_MISSING_PROTOTYPES = YES;
				GCC_WARN_ABOUT_RETURN_TYPE = YES;
				GCC_WARN_UNUSED_VARIABLE = YES;
				MACOSX_DEPLOYMENT_TARGET = 10.7;
				SDKROOT = macosx;
			};
			name = Release;
		};
		BE57CC4215605DEC00FFCB91 /* Debug */ = {
			isa = XCBuildConfiguration;
			buildSettings = {
				PRODUCT_NAME = "$(TARGET_NAME)";
			};
			name = Debug;
		};
		BE57CC4315605DEC00FFCB91 /* Release */ = {
			isa = XCBuildConfiguration;
			buildSettings = {
				PRODUCT_NAME = "$(TARGET_NAME)";
			};
			name = Release;
		};
/* End XCBuildConfiguration section */

/* Begin XCConfigurationList section */
		BE57CC3115605DEC00FFCB91 /* Build configuration list for PBXProject "StructuredBinary" */ = {
			isa = XCConfigurationList;
			buildConfigurations = (
				BE57CC3F15605DEC00FFCB91 /* Debug */,
				BE57CC4015605DEC00FFCB91 /* Release */,
			);
			defaultConfigurationIsVisible = 0;
			defaultConfigurationName = Release;
		};
		BE57CC4115605DEC00FFCB91 /* Build configuration list for PBXNativeTarget "StructuredBinary" */ = {
			isa = XCConfigurationList;
			buildConfigurations = (
				BE57CC4215605DEC00FFCB91 /* Debug */,
				BE57CC4315605DEC00FFCB91 /* Release */,
			);
			defaultConfigurationIsVisible = 0;
			defaultConfigurationName = Release;
		};
/* End XCConfigurationList section */
	};
	rootObject = BE57CC2E15605DEC00FFCB91 /* Project object */;
}
